
Microsoft Visual Studio Solution File, Format Version 12.00
# Visual Studio 15
VisualStudioVersion = 15.0.27428.2002
MinimumVisualStudioVersion = 10.0.40219.1
Project("{FAE04EC0-301F-11D3-BF4B-00C04F79EFBC}") = "Sample.Apps", "apps\Sample.Apps.csproj", "{29A0234E-5D61-4B71-9AC3-1CA5C06E4CB4}"
EndProject
Project("{FAE04EC0-301F-11D3-BF4B-00C04F79EFBC}") = "Apps.Common", "App.Common\Apps.Common.csproj", "{D760AAC2-5F01-47BE-8817-6DC064A62B21}"
EndProject
Project("{FAE04EC0-301F-11D3-BF4B-00C04F79EFBC}") = "Apps.ProblemsSolving", "Apps.NumWays\Apps.ProblemsSolving.csproj", "{51D180E9-8A33-41E5-A3E5-BA2F9C0A646D}"
EndProject
Project("{FAE04EC0-301F-11D3-BF4B-00C04F79EFBC}") = "Apps.DSAlgorithms", "Apps.DSAlgorithms\Apps.DSAlgorithms.csproj", "{53041F62-AE97-4783-8F85-826984440D3C}"
EndProject
Project("{FAE04EC0-301F-11D3-BF4B-00C04F79EFBC}") = "Apps.SortingAlgorithms", "Apps.SortingAlgorithms\Apps.SortingAlgorithms.csproj", "{87B13104-9646-494A-814C-30A3C7C7B764}"
EndProject
Project("{FAE04EC0-301F-11D3-BF4B-00C04F79EFBC}") = "Apps.CSharpFeatures.Evaluation", "Apps.CSharpFeatures.Evaluation\Apps.CSharpFeatures.Evaluation.csproj", "{18DB7BE6-F19A-4FFA-8F54-BA55B4272DC3}"
EndProject
Global
	GlobalSection(SolutionConfigurationPlatforms) = preSolution
		Debug|Any CPU = Debug|Any CPU
		Release|Any CPU = Release|Any CPU
	EndGlobalSection
	GlobalSection(ProjectConfigurationPlatforms) = postSolution
		{29A0234E-5D61-4B71-9AC3-1CA5C06E4CB4}.Debug|Any CPU.ActiveCfg = Debug|Any CPU
		{29A0234E-5D61-4B71-9AC3-1CA5C06E4CB4}.Debug|Any CPU.Build.0 = Debug|Any CPU
		{29A0234E-5D61-4B71-9AC3-1CA5C06E4CB4}.Release|Any CPU.ActiveCfg = Release|Any CPU
		{29A0234E-5D61-4B71-9AC3-1CA5C06E4CB4}.Release|Any CPU.Build.0 = Release|Any CPU
		{D760AAC2-5F01-47BE-8817-6DC064A62B21}.Debug|Any CPU.ActiveCfg = Debug|Any CPU
		{D760AAC2-5F01-47BE-8817-6DC064A62B21}.Debug|Any CPU.Build.0 = Debug|Any CPU
		{D760AAC2-5F01-47BE-8817-6DC064A62B21}.Release|Any CPU.ActiveCfg = Release|Any CPU
		{D760AAC2-5F01-47BE-8817-6DC064A62B21}.Release|Any CPU.Build.0 = Release|Any CPU
		{51D180E9-8A33-41E5-A3E5-BA2F9C0A646D}.Debug|Any CPU.ActiveCfg = Debug|Any CPU
		{51D180E9-8A33-41E5-A3E5-BA2F9C0A646D}.Debug|Any CPU.Build.0 = Debug|Any CPU
		{51D180E9-8A33-41E5-A3E5-BA2F9C0A646D}.Release|Any CPU.ActiveCfg = Release|Any CPU
		{51D180E9-8A33-41E5-A3E5-BA2F9C0A646D}.Release|Any CPU.Build.0 = Release|Any CPU
		{53041F62-AE97-4783-8F85-826984440D3C}.Debug|Any CPU.ActiveCfg = Debug|Any CPU
		{53041F62-AE97-4783-8F85-826984440D3C}.Debug|Any CPU.Build.0 = Debug|Any CPU
		{53041F62-AE97-4783-8F85-826984440D3C}.Release|Any CPU.ActiveCfg = Release|Any CPU
		{53041F62-AE97-4783-8F85-826984440D3C}.Release|Any CPU.Build.0 = Release|Any CPU
		{87B13104-9646-494A-814C-30A3C7C7B764}.Debug|Any CPU.ActiveCfg = Debug|Any CPU
		{87B13104-9646-494A-814C-30A3C7C7B764}.Debug|Any CPU.Build.0 = Debug|Any CPU
		{87B13104-9646-494A-814C-30A3C7C7B764}.Release|Any CPU.ActiveCfg = Release|Any CPU
		{87B13104-9646-494A-814C-30A3C7C7B764}.Release|Any CPU.Build.0 = Release|Any CPU
		{18DB7BE6-F19A-4FFA-8F54-BA55B4272DC3}.Debug|Any CPU.ActiveCfg = Debug|Any CPU
		{18DB7BE6-F19A-4FFA-8F54-BA55B4272DC3}.Debug|Any CPU.Build.0 = Debug|Any CPU
		{18DB7BE6-F19A-4FFA-8F54-BA55B4272DC3}.Release|Any CPU.ActiveCfg = Release|Any CPU
		{18DB7BE6-F19A-4FFA-8F54-BA55B4272DC3}.Release|Any CPU.Build.0 = Release|Any CPU
	EndGlobalSection
	GlobalSection(SolutionProperties) = preSolution
		HideSolutionNode = FALSE
	EndGlobalSection
	GlobalSection(ExtensibilityGlobals) = postSolution
		SolutionGuid = {33E1E58A-56BF-44E3-8D20-1C23E2EE2DE5}
	EndGlobalSection
EndGlobal
